// !$*UTF8*$!
{
	archiveVersion = 1;
	classes = {
	};
	objectVersion = 56;
	objects = {

/* Begin PBXBuildFile section */
		5A31E9632A2F112300E37907 /* BannerCollectionViewCell.swift in Sources */ = {isa = PBXBuildFile; fileRef = 5A31E9612A2F112300E37907 /* BannerCollectionViewCell.swift */; };
		5A31E9642A2F112300E37907 /* BannerCollectionViewCell.xib in Resources */ = {isa = PBXBuildFile; fileRef = 5A31E9622A2F112300E37907 /* BannerCollectionViewCell.xib */; };
		5A31E9672A2F12F600E37907 /* BannerTableViewCell.swift in Sources */ = {isa = PBXBuildFile; fileRef = 5A31E9652A2F12F600E37907 /* BannerTableViewCell.swift */; };
		5A31E9682A2F12F600E37907 /* BannerTableViewCell.xib in Resources */ = {isa = PBXBuildFile; fileRef = 5A31E9662A2F12F600E37907 /* BannerTableViewCell.xib */; };
		5A570E982A2F2F58000B246B /* DoneViewController.swift in Sources */ = {isa = PBXBuildFile; fileRef = 5A570E972A2F2F58000B246B /* DoneViewController.swift */; };
		5A570E9D2A2F5C4D000B246B /* TestModel.swift in Sources */ = {isa = PBXBuildFile; fileRef = 5A570E9C2A2F5C4D000B246B /* TestModel.swift */; };
		5ACC62F62A2DF5620076E589 /* AppDelegate.swift in Sources */ = {isa = PBXBuildFile; fileRef = 5ACC62F52A2DF5620076E589 /* AppDelegate.swift */; };
		5ACC62FA2A2DF5620076E589 /* TestViewController.swift in Sources */ = {isa = PBXBuildFile; fileRef = 5ACC62F92A2DF5620076E589 /* TestViewController.swift */; };
		5ACC62FD2A2DF5620076E589 /* Main.storyboard in Resources */ = {isa = PBXBuildFile; fileRef = 5ACC62FB2A2DF5620076E589 /* Main.storyboard */; };
		5ACC62FF2A2DF56B0076E589 /* Assets.xcassets in Resources */ = {isa = PBXBuildFile; fileRef = 5ACC62FE2A2DF56B0076E589 /* Assets.xcassets */; };
		5ACC63022A2DF56B0076E589 /* LaunchScreen.storyboard in Resources */ = {isa = PBXBuildFile; fileRef = 5ACC63002A2DF56B0076E589 /* LaunchScreen.storyboard */; };
		5ACC630A2A2DF65F0076E589 /* TestViewModel.swift in Sources */ = {isa = PBXBuildFile; fileRef = 5ACC63092A2DF65F0076E589 /* TestViewModel.swift */; };
		5ACC630D2A2E09D40076E589 /* NearTableViewCell.swift in Sources */ = {isa = PBXBuildFile; fileRef = 5ACC630B2A2E09D40076E589 /* NearTableViewCell.swift */; };
		5ACC630E2A2E09D40076E589 /* NearTableViewCell.xib in Resources */ = {isa = PBXBuildFile; fileRef = 5ACC630C2A2E09D40076E589 /* NearTableViewCell.xib */; };
		5ACC63112A2E0A940076E589 /* NearCollectionViewCell.swift in Sources */ = {isa = PBXBuildFile; fileRef = 5ACC630F2A2E0A940076E589 /* NearCollectionViewCell.swift */; };
		5ACC63122A2E0A940076E589 /* NearCollectionViewCell.xib in Resources */ = {isa = PBXBuildFile; fileRef = 5ACC63102A2E0A940076E589 /* NearCollectionViewCell.xib */; };
		5ACC63142A2E0C800076E589 /* Extensions.swift in Sources */ = {isa = PBXBuildFile; fileRef = 5ACC63132A2E0C800076E589 /* Extensions.swift */; };
/* End PBXBuildFile section */

/* Begin PBXFileReference section */
		5A31E9612A2F112300E37907 /* BannerCollectionViewCell.swift */ = {isa = PBXFileReference; lastKnownFileType = sourcecode.swift; path = BannerCollectionViewCell.swift; sourceTree = "<group>"; };
		5A31E9622A2F112300E37907 /* BannerCollectionViewCell.xib */ = {isa = PBXFileReference; lastKnownFileType = file.xib; path = BannerCollectionViewCell.xib; sourceTree = "<group>"; };
		5A31E9652A2F12F600E37907 /* BannerTableViewCell.swift */ = {isa = PBXFileReference; lastKnownFileType = sourcecode.swift; path = BannerTableViewCell.swift; sourceTree = "<group>"; };
		5A31E9662A2F12F600E37907 /* BannerTableViewCell.xib */ = {isa = PBXFileReference; lastKnownFileType = file.xib; path = BannerTableViewCell.xib; sourceTree = "<group>"; };
		5A570E972A2F2F58000B246B /* DoneViewController.swift */ = {isa = PBXFileReference; lastKnownFileType = sourcecode.swift; path = DoneViewController.swift; sourceTree = "<group>"; };
		5A570E9C2A2F5C4D000B246B /* TestModel.swift */ = {isa = PBXFileReference; lastKnownFileType = sourcecode.swift; path = TestModel.swift; sourceTree = "<group>"; };
		5ACC62F22A2DF5620076E589 /* TestDemo.app */ = {isa = PBXFileReference; explicitFileType = wrapper.application; includeInIndex = 0; path = TestDemo.app; sourceTree = BUILT_PRODUCTS_DIR; };
		5ACC62F52A2DF5620076E589 /* AppDelegate.swift */ = {isa = PBXFileReference; lastKnownFileType = sourcecode.swift; path = AppDelegate.swift; sourceTree = "<group>"; };
		5ACC62F92A2DF5620076E589 /* TestViewController.swift */ = {isa = PBXFileReference; lastKnownFileType = sourcecode.swift; path = TestViewController.swift; sourceTree = "<group>"; };
		5ACC62FC2A2DF5620076E589 /* Base */ = {isa = PBXFileReference; lastKnownFileType = file.storyboard; name = Base; path = Base.lproj/Main.storyboard; sourceTree = "<group>"; };
		5ACC62FE2A2DF56B0076E589 /* Assets.xcassets */ = {isa = PBXFileReference; lastKnownFileType = folder.assetcatalog; path = Assets.xcassets; sourceTree = "<group>"; };
		5ACC63012A2DF56B0076E589 /* Base */ = {isa = PBXFileReference; lastKnownFileType = file.storyboard; name = Base; path = Base.lproj/LaunchScreen.storyboard; sourceTree = "<group>"; };
		5ACC63032A2DF56B0076E589 /* Info.plist */ = {isa = PBXFileReference; lastKnownFileType = text.plist.xml; path = Info.plist; sourceTree = "<group>"; };
		5ACC63092A2DF65F0076E589 /* TestViewModel.swift */ = {isa = PBXFileReference; lastKnownFileType = sourcecode.swift; path = TestViewModel.swift; sourceTree = "<group>"; };
		5ACC630B2A2E09D40076E589 /* NearTableViewCell.swift */ = {isa = PBXFileReference; lastKnownFileType = sourcecode.swift; path = NearTableViewCell.swift; sourceTree = "<group>"; };
		5ACC630C2A2E09D40076E589 /* NearTableViewCell.xib */ = {isa = PBXFileReference; lastKnownFileType = file.xib; path = NearTableViewCell.xib; sourceTree = "<group>"; };
		5ACC630F2A2E0A940076E589 /* NearCollectionViewCell.swift */ = {isa = PBXFileReference; lastKnownFileType = sourcecode.swift; path = NearCollectionViewCell.swift; sourceTree = "<group>"; };
		5ACC63102A2E0A940076E589 /* NearCollectionViewCell.xib */ = {isa = PBXFileReference; lastKnownFileType = file.xib; path = NearCollectionViewCell.xib; sourceTree = "<group>"; };
		5ACC63132A2E0C800076E589 /* Extensions.swift */ = {isa = PBXFileReference; lastKnownFileType = sourcecode.swift; path = Extensions.swift; sourceTree = "<group>"; };
/* End PBXFileReference section */

/* Begin PBXFrameworksBuildPhase section */
		5ACC62EF2A2DF5620076E589 /* Frameworks */ = {
			isa = PBXFrameworksBuildPhase;
			buildActionMask = 2147483647;
			files = (
			);
			runOnlyForDeploymentPostprocessing = 0;
		};
/* End PBXFrameworksBuildPhase section */

/* Begin PBXGroup section */
		5A570E992A2F40F6000B246B /* Nibs */ = {
			isa = PBXGroup;
			children = (
				5ACC630C2A2E09D40076E589 /* NearTableViewCell.xib */,
				5ACC63102A2E0A940076E589 /* NearCollectionViewCell.xib */,
				5A31E9662A2F12F600E37907 /* BannerTableViewCell.xib */,
				5A31E9622A2F112300E37907 /* BannerCollectionViewCell.xib */,
			);
			path = Nibs;
			sourceTree = "<group>";
		};
		5A570E9A2A2F4158000B246B /* ViewControllers */ = {
			isa = PBXGroup;
			children = (
				5ACC62F92A2DF5620076E589 /* TestViewController.swift */,
				5A570E972A2F2F58000B246B /* DoneViewController.swift */,
			);
			path = ViewControllers;
			sourceTree = "<group>";
		};
		5A570E9B2A2F41B7000B246B /* UUtils */ = {
			isa = PBXGroup;
			children = (
				5ACC63092A2DF65F0076E589 /* TestViewModel.swift */,
				5A570E9C2A2F5C4D000B246B /* TestModel.swift */,
				5ACC63132A2E0C800076E589 /* Extensions.swift */,
				5ACC630B2A2E09D40076E589 /* NearTableViewCell.swift */,
				5ACC630F2A2E0A940076E589 /* NearCollectionViewCell.swift */,
				5A31E9612A2F112300E37907 /* BannerCollectionViewCell.swift */,
				5A31E9652A2F12F600E37907 /* BannerTableViewCell.swift */,
			);
			path = UUtils;
			sourceTree = "<group>";
		};
		5ACC62E92A2DF5610076E589 = {
			isa = PBXGroup;
			children = (
				5ACC62F42A2DF5620076E589 /* TestDemo */,
				5ACC62F32A2DF5620076E589 /* Products */,
			);
			sourceTree = "<group>";
		};
		5ACC62F32A2DF5620076E589 /* Products */ = {
			isa = PBXGroup;
			children = (
				5ACC62F22A2DF5620076E589 /* TestDemo.app */,
			);
			name = Products;
			sourceTree = "<group>";
		};
		5ACC62F42A2DF5620076E589 /* TestDemo */ = {
			isa = PBXGroup;
			children = (
				5ACC62F52A2DF5620076E589 /* AppDelegate.swift */,
				5A570E9B2A2F41B7000B246B /* UUtils */,
				5A570E9A2A2F4158000B246B /* ViewControllers */,
				5A570E992A2F40F6000B246B /* Nibs */,
				5ACC62FB2A2DF5620076E589 /* Main.storyboard */,
				5ACC62FE2A2DF56B0076E589 /* Assets.xcassets */,
				5ACC63002A2DF56B0076E589 /* LaunchScreen.storyboard */,
				5ACC63032A2DF56B0076E589 /* Info.plist */,
			);
			path = TestDemo;
			sourceTree = "<group>";
		};
/* End PBXGroup section */

/* Begin PBXNativeTarget section */
		5ACC62F12A2DF5620076E589 /* TestDemo */ = {
			isa = PBXNativeTarget;
			buildConfigurationList = 5ACC63062A2DF56B0076E589 /* Build configuration list for PBXNativeTarget "TestDemo" */;
			buildPhases = (
				5ACC62EE2A2DF5620076E589 /* Sources */,
				5ACC62EF2A2DF5620076E589 /* Frameworks */,
				5ACC62F02A2DF5620076E589 /* Resources */,
			);
			buildRules = (
			);
			dependencies = (
			);
			name = TestDemo;
			productName = TestDemo;
			productReference = 5ACC62F22A2DF5620076E589 /* TestDemo.app */;
			productType = "com.apple.product-type.application";
		};
/* End PBXNativeTarget section */

/* Begin PBXProject section */
		5ACC62EA2A2DF5610076E589 /* Project object */ = {
			isa = PBXProject;
			attributes = {
				BuildIndependentTargetsInParallel = 1;
				LastSwiftUpdateCheck = 1410;
				LastUpgradeCheck = 1410;
				TargetAttributes = {
					5ACC62F12A2DF5620076E589 = {
						CreatedOnToolsVersion = 14.1;
					};
				};
			};
			buildConfigurationList = 5ACC62ED2A2DF5610076E589 /* Build configuration list for PBXProject "TestDemo" */;
			compatibilityVersion = "Xcode 14.0";
			developmentRegion = en;
			hasScannedForEncodings = 0;
			knownRegions = (
				en,
				Base,
			);
			mainGroup = 5ACC62E92A2DF5610076E589;
			productRefGroup = 5ACC62F32A2DF5620076E589 /* Products */;
			projectDirPath = "";
			projectRoot = "";
			targets = (
				5ACC62F12A2DF5620076E589 /* TestDemo */,
			);
		};
/* End PBXProject section */

/* Begin PBXResourcesBuildPhase section */
		5ACC62F02A2DF5620076E589 /* Resources */ = {
			isa = PBXResourcesBuildPhase;
			buildActionMask = 2147483647;
			files = (
				5ACC63022A2DF56B0076E589 /* LaunchScreen.storyboard in Resources */,
				5ACC62FF2A2DF56B0076E589 /* Assets.xcassets in Resources */,
				5ACC63122A2E0A940076E589 /* NearCollectionViewCell.xib in Resources */,
				5ACC62FD2A2DF5620076E589 /* Main.storyboard in Resources */,
				5A31E9642A2F112300E37907 /* BannerCollectionViewCell.xib in Resources */,
				5ACC630E2A2E09D40076E589 /* NearTableViewCell.xib in Resources */,
				5A31E9682A2F12F600E37907 /* BannerTableViewCell.xib in Resources */,
			);
			runOnlyForDeploymentPostprocessing = 0;
		};
/* End PBXResourcesBuildPhase section */

/* Begin PBXSourcesBuildPhase section */
		5ACC62EE2A2DF5620076E589 /* Sources */ = {
			isa = PBXSourcesBuildPhase;
			buildActionMask = 2147483647;
			files = (
				5ACC63112A2E0A940076E589 /* NearCollectionViewCell.swift in Sources */,
				5ACC63142A2E0C800076E589 /* Extensions.swift in Sources */,
				5ACC62FA2A2DF5620076E589 /* TestViewController.swift in Sources */,
				5A31E9632A2F112300E37907 /* BannerCollectionViewCell.swift in Sources */,
				5ACC62F62A2DF5620076E589 /* AppDelegate.swift in Sources */,
				5A31E9672A2F12F600E37907 /* BannerTableViewCell.swift in Sources */,
				5ACC630A2A2DF65F0076E589 /* TestViewModel.swift in Sources */,
				5A570E9D2A2F5C4D000B246B /* TestModel.swift in Sources */,
				5A570E982A2F2F58000B246B /* DoneViewController.swift in Sources */,
				5ACC630D2A2E09D40076E589 /* NearTableViewCell.swift in Sources */,
			);
			runOnlyForDeploymentPostprocessing = 0;
		};
/* End PBXSourcesBuildPhase section */

/* Begin PBXVariantGroup section */
		5ACC62FB2A2DF5620076E589 /* Main.storyboard */ = {
			isa = PBXVariantGroup;
			children = (
				5ACC62FC2A2DF5620076E589 /* Base */,
			);
			name = Main.storyboard;
			sourceTree = "<group>";
		};
		5ACC63002A2DF56B0076E589 /* LaunchScreen.storyboard */ = {
			isa = PBXVariantGroup;
			children = (
				5ACC63012A2DF56B0076E589 /* Base */,
			);
			name = LaunchScreen.storyboard;
			sourceTree = "<group>";
		};
/* End PBXVariantGroup section */

/* Begin XCBuildConfiguration section */
		5ACC63042A2DF56B0076E589 /* Debug */ = {
			isa = XCBuildConfiguration;
			buildSettings = {
				ALWAYS_SEARCH_USER_PATHS = NO;
				CLANG_ANALYZER_NONNULL = YES;
				CLANG_ANALYZER_NUMBER_OBJECT_CONVERSION = YES_AGGRESSIVE;
				CLANG_CXX_LANGUAGE_STANDARD = "gnu++20";
				CLANG_ENABLE_MODULES = YES;
				CLANG_ENABLE_OBJC_ARC = YES;
				CLANG_ENABLE_OBJC_WEAK = YES;
				CLANG_WARN_BLOCK_CAPTURE_AUTORELEASING = YES;
				CLANG_WARN_BOOL_CONVERSION = YES;
				CLANG_WARN_COMMA = YES;
				CLANG_WARN_CONSTANT_CONVERSION = YES;
				CLANG_WARN_DEPRECATED_OBJC_IMPLEMENTATIONS = YES;
				CLANG_WARN_DIRECT_OBJC_ISA_USAGE = YES_ERROR;
				CLANG_WARN_DOCUMENTATION_COMMENTS = YES;
				CLANG_WARN_EMPTY_BODY = YES;
				CLANG_WARN_ENUM_CONVERSION = YES;
				CLANG_WARN_INFINITE_RECURSION = YES;
				CLANG_WARN_INT_CONVERSION = YES;
				CLANG_WARN_NON_LITERAL_NULL_CONVERSION = YES;
				CLANG_WARN_OBJC_IMPLICIT_RETAIN_SELF = YES;
				CLANG_WARN_OBJC_LITERAL_CONVERSION = YES;
				CLANG_WARN_OBJC_ROOT_CLASS = YES_ERROR;
				CLANG_WARN_QUOTED_INCLUDE_IN_FRAMEWORK_HEADER = YES;
				CLANG_WARN_RANGE_LOOP_ANALYSIS = YES;
				CLANG_WARN_STRICT_PROTOTYPES = YES;
				CLANG_WARN_SUSPICIOUS_MOVE = YES;
				CLANG_WARN_UNGUARDED_AVAILABILITY = YES_AGGRESSIVE;
				CLANG_WARN_UNREACHABLE_CODE = YES;
				CLANG_WARN__DUPLICATE_METHOD_MATCH = YES;
				COPY_PHASE_STRIP = NO;
				DEBUG_INFORMATION_FORMAT = dwarf;
				ENABLE_STRICT_OBJC_MSGSEND = YES;
				ENABLE_TESTABILITY = YES;
				GCC_C_LANGUAGE_STANDARD = gnu11;
				GCC_DYNAMIC_NO_PIC = NO;
				GCC_NO_COMMON_BLOCKS = YES;
				GCC_OPTIMIZATION_LEVEL = 0;
				GCC_PREPROCESSOR_DEFINITIONS = (
					"DEBUG=1",
					"$(inherited)",
				);
				GCC_WARN_64_TO_32_BIT_CONVERSION = YES;
				GCC_WARN_ABOUT_RETURN_TYPE = YES_ERROR;
				GCC_WARN_UNDECLARED_SELECTOR = YES;
				GCC_WARN_UNINITIALIZED_AUTOS = YES_AGGRESSIVE;
				GCC_WARN_UNUSED_FUNCTION = YES;
				GCC_WARN_UNUSED_VARIABLE = YES;
				IPHONEOS_DEPLOYMENT_TARGET = 16.1;
				MTL_ENABLE_DEBUG_INFO = INCLUDE_SOURCE;
				MTL_FAST_MATH = YES;
				ONLY_ACTIVE_ARCH = YES;
				SDKROOT = iphoneos;
				SWIFT_ACTIVE_COMPILATION_CONDITIONS = DEBUG;
				SWIFT_OPTIMIZATION_LEVEL = "-Onone";
			};
			name = Debug;
		};
		5ACC63052A2DF56B0076E589 /* Release */ = {
			isa = XCBuildConfiguration;
			buildSettings = {
				ALWAYS_SEARCH_USER_PATHS = NO;
				CLANG_ANALYZER_NONNULL = YES;
				CLANG_ANALYZER_NUMBER_OBJECT_CONVERSION = YES_AGGRESSIVE;
				CLANG_CXX_LANGUAGE_STANDARD = "gnu++20";
				CLANG_ENABLE_MODULES = YES;
				CLANG_ENABLE_OBJC_ARC = YES;
				CLANG_ENABLE_OBJC_WEAK = YES;
				CLANG_WARN_BLOCK_CAPTURE_AUTORELEASING = YES;
				CLANG_WARN_BOOL_CONVERSION = YES;
				CLANG_WARN_COMMA = YES;
				CLANG_WARN_CONSTANT_CONVERSION = YES;
				CLANG_WARN_DEPRECATED_OBJC_IMPLEMENTATIONS = YES;
				CLANG_WARN_DIRECT_OBJC_ISA_USAGE = YES_ERROR;
				CLANG_WARN_DOCUMENTATION_COMMENTS = YES;
				CLANG_WARN_EMPTY_BODY = YES;
				CLANG_WARN_ENUM_CONVERSION = YES;
				CLANG_WARN_INFINITE_RECURSION = YES;
				CLANG_WARN_INT_CONVERSION = YES;
				CLANG_WARN_NON_LITERAL_NULL_CONVERSION = YES;
				CLANG_WARN_OBJC_IMPLICIT_RETAIN_SELF = YES;
				CLANG_WARN_OBJC_LITERAL_CONVERSION = YES;
				CLANG_WARN_OBJC_ROOT_CLASS = YES_ERROR;
				CLANG_WARN_QUOTED_INCLUDE_IN_FRAMEWORK_HEADER = YES;
				CLANG_WARN_RANGE_LOOP_ANALYSIS = YES;
				CLANG_WARN_STRICT_PROTOTYPES = YES;
				CLANG_WARN_SUSPICIOUS_MOVE = YES;
				CLANG_WARN_UNGUARDED_AVAILABILITY = YES_AGGRESSIVE;
				CLANG_WARN_UNREACHABLE_CODE = YES;
				CLANG_WARN__DUPLICATE_METHOD_MATCH = YES;
				COPY_PHASE_STRIP = NO;
				DEBUG_INFORMATION_FORMAT = "dwarf-with-dsym";
				ENABLE_NS_ASSERTIONS = NO;
				ENABLE_STRICT_OBJC_MSGSEND = YES;
				GCC_C_LANGUAGE_STANDARD = gnu11;
				GCC_NO_COMMON_BLOCKS = YES;
				GCC_WARN_64_TO_32_BIT_CONVERSION = YES;
				GCC_WARN_ABOUT_RETURN_TYPE = YES_ERROR;
				GCC_WARN_UNDECLARED_SELECTOR = YES;
				GCC_WARN_UNINITIALIZED_AUTOS = YES_AGGRESSIVE;
				GCC_WARN_UNUSED_FUNCTION = YES;
				GCC_WARN_UNUSED_VARIABLE = YES;
				IPHONEOS_DEPLOYMENT_TARGET = 16.1;
				MTL_ENABLE_DEBUG_INFO = NO;
				MTL_FAST_MATH = YES;
				SDKROOT = iphoneos;
				SWIFT_COMPILATION_MODE = wholemodule;
				SWIFT_OPTIMIZATION_LEVEL = "-O";
				VALIDATE_PRODUCT = YES;
			};
			name = Release;
		};
		5ACC63072A2DF56B0076E589 /* Debug */ = {
			isa = XCBuildConfiguration;
			buildSettings = {
				ASSETCATALOG_COMPILER_APPICON_NAME = AppIcon;
				ASSETCATALOG_COMPILER_GLOBAL_ACCENT_COLOR_NAME = AccentColor;
				"CODE_SIGN_IDENTITY[sdk=iphoneos*]" = "iPhone Developer";
				CODE_SIGN_STYLE = Manual;
				CURRENT_PROJECT_VERSION = 1;
				DEVELOPMENT_TEAM = "";
				"DEVELOPMENT_TEAM[sdk=iphoneos*]" = 6CWF679Z8N;
				GENERATE_INFOPLIST_FILE = YES;
				INFOPLIST_FILE = TestDemo/Info.plist;
				INFOPLIST_KEY_UIApplicationSupportsIndirectInputEvents = YES;
				INFOPLIST_KEY_UILaunchStoryboardName = LaunchScreen;
				INFOPLIST_KEY_UIMainStoryboardFile = Main;
				INFOPLIST_KEY_UISupportedInterfaceOrientations_iPad = "UIInterfaceOrientationPortrait UIInterfaceOrientationPortraitUpsideDown UIInterfaceOrientationLandscapeLeft UIInterfaceOrientationLandscapeRight";
				INFOPLIST_KEY_UISupportedInterfaceOrientations_iPhone = "UIInterfaceOrientationPortrait UIInterfaceOrientationLandscapeLeft UIInterfaceOrientationLandscapeRight";
				IPHONEOS_DEPLOYMENT_TARGET = 12.4;
				LD_RUNPATH_SEARCH_PATHS = (
					"$(inherited)",
					"@executable_path/Frameworks",
				);
				MARKETING_VERSION = 1.0;
				PRODUCT_BUNDLE_IDENTIFIER = com.sparkout.test;
				PRODUCT_NAME = "$(TARGET_NAME)";
				PROVISIONING_PROFILE_SPECIFIER = "";
				"PROVISIONING_PROFILE_SPECIFIER[sdk=iphoneos*]" = test_project_dev;
				SUPPORTED_PLATFORMS = "iphoneos iphonesimulator";
				SUPPORTS_MACCATALYST = NO;
				SUPPORTS_MAC_DESIGNED_FOR_IPHONE_IPAD = NO;
				SWIFT_EMIT_LOC_STRINGS = YES;
				SWIFT_VERSION = 5.0;
				TARGETED_DEVICE_FAMILY = 1;
			};
			name = Debug;
		};
		5ACC63082A2DF56B0076E589 /* Release */ = {
			isa = XCBuildConfiguration;
			buildSettings = {
				ASSETCATALOG_COMPILER_APPICON_NAME = AppIcon;
				ASSETCATALOG_COMPILER_GLOBAL_ACCENT_COLOR_NAME = AccentColor;
				"CODE_SIGN_IDENTITY[sdk=iphoneos*]" = "iPhone Developer";
				CODE_SIGN_STYLE = Manual;
				CURRENT_PROJECT_VERSION = 1;
				DEVELOPMENT_TEAM = "";
				"DEVELOPMENT_TEAM[sdk=iphoneos*]" = 6CWF679Z8N;
				GENERATE_INFOPLIST_FILE = YES;
				INFOPLIST_FILE = TestDemo/Info.plist;
				INFOPLIST_KEY_UIApplicationSupportsIndirectInputEvents = YES;
				INFOPLIST_KEY_UILaunchStoryboardName = LaunchScreen;
				INFOPLIST_KEY_UIMainStoryboardFile = Main;
				INFOPLIST_KEY_UISupportedInterfaceOrientations_iPad = "UIInterfaceOrientationPortrait UIInterfaceOrientationPortraitUpsideDown UIInterfaceOrientationLandscapeLeft UIInterfaceOrientationLandscapeRight";
				INFOPLIST_KEY_UISupportedInterfaceOrientations_iPhone = "UIInterfaceOrientationPortrait UIInterfaceOrientationLandscapeLeft UIInterfaceOrientationLandscapeRight";
				IPHONEOS_DEPLOYMENT_TARGET = 12.4;
				LD_RUNPATH_SEARCH_PATHS = (
					"$(inherited)",
					"@executable_path/Frameworks",
				);
				MARKETING_VERSION = 1.0;
				PRODUCT_BUNDLE_IDENTIFIER = com.sparkout.test;
				PRODUCT_NAME = "$(TARGET_NAME)";
				PROVISIONING_PROFILE_SPECIFIER = "";
				"PROVISIONING_PROFILE_SPECIFIER[sdk=iphoneos*]" = test_project_dev;
				SUPPORTED_PLATFORMS = "iphoneos iphonesimulator";
				SUPPORTS_MACCATALYST = NO;
				SUPPORTS_MAC_DESIGNED_FOR_IPHONE_IPAD = NO;
				SWIFT_EMIT_LOC_STRINGS = YES;
				SWIFT_VERSION = 5.0;
				TARGETED_DEVICE_FAMILY = 1;
			};
			name = Release;
		};
/* End XCBuildConfiguration section */

/* Begin XCConfigurationList section */
		5ACC62ED2A2DF5610076E589 /* Build configuration list for PBXProject "TestDemo" */ = {
			isa = XCConfigurationList;
			buildConfigurations = (
				5ACC63042A2DF56B0076E589 /* Debug */,
				5ACC63052A2DF56B0076E589 /* Release */,
			);
			defaultConfigurationIsVisible = 0;
			defaultConfigurationName = Release;
		};
		5ACC63062A2DF56B0076E589 /* Build configuration list for PBXNativeTarget "TestDemo" */ = {
			isa = XCConfigurationList;
			buildConfigurations = (
				5ACC63072A2DF56B0076E589 /* Debug */,
				5ACC63082A2DF56B0076E589 /* Release */,
			);
			defaultConfigurationIsVisible = 0;
			defaultConfigurationName = Release;
		};
/* End XCConfigurationList section */
	};
	rootObject = 5ACC62EA2A2DF5610076E589 /* Project object */;
}
